// !$*UTF8*$!
{
	archiveVersion = 1;
	classes = {
	};
	objectVersion = 50;
	objects = {

/* Begin PBXBuildFile section */
		16431BCADCD1AD66A90A268B /* Pods_FlickrerTests.framework in Frameworks */ = {isa = PBXBuildFile; fileRef = BB110B1446DBBB0936433065 /* Pods_FlickrerTests.framework */; };
		5B651136241A4BF5006A78FA /* AppDelegate.swift in Sources */ = {isa = PBXBuildFile; fileRef = 5B651135241A4BF5006A78FA /* AppDelegate.swift */; };
		5B651138241A4BF5006A78FA /* SceneDelegate.swift in Sources */ = {isa = PBXBuildFile; fileRef = 5B651137241A4BF5006A78FA /* SceneDelegate.swift */; };
		5B65113A241A4BF5006A78FA /* ViewController.swift in Sources */ = {isa = PBXBuildFile; fileRef = 5B651139241A4BF5006A78FA /* ViewController.swift */; };
		5B65113D241A4BF5006A78FA /* Main.storyboard in Resources */ = {isa = PBXBuildFile; fileRef = 5B65113B241A4BF5006A78FA /* Main.storyboard */; };
		5B65113F241A4BF7006A78FA /* Assets.xcassets in Resources */ = {isa = PBXBuildFile; fileRef = 5B65113E241A4BF7006A78FA /* Assets.xcassets */; };
		5B651142241A4BF7006A78FA /* LaunchScreen.storyboard in Resources */ = {isa = PBXBuildFile; fileRef = 5B651140241A4BF7006A78FA /* LaunchScreen.storyboard */; };
		5B65114D241A4BF7006A78FA /* FlickrerTests.swift in Sources */ = {isa = PBXBuildFile; fileRef = 5B65114C241A4BF7006A78FA /* FlickrerTests.swift */; };
		5B651158241A4BF7006A78FA /* FlickrerUITests.swift in Sources */ = {isa = PBXBuildFile; fileRef = 5B651157241A4BF7006A78FA /* FlickrerUITests.swift */; };
		655845C85DDA1A41539696BA /* Pods_Flickrer.framework in Frameworks */ = {isa = PBXBuildFile; fileRef = AABC96B209796135B1F3390B /* Pods_Flickrer.framework */; };
		8CBE8AC57FAE664E2AD8AD90 /* Pods_Flickrer_FlickrerUITests.framework in Frameworks */ = {isa = PBXBuildFile; fileRef = BBEFDAF2A50E9F5C7602B080 /* Pods_Flickrer_FlickrerUITests.framework */; };
/* End PBXBuildFile section */

/* Begin PBXContainerItemProxy section */
		5B651149241A4BF7006A78FA /* PBXContainerItemProxy */ = {
			isa = PBXContainerItemProxy;
			containerPortal = 5B65112A241A4BF5006A78FA /* Project object */;
			proxyType = 1;
			remoteGlobalIDString = 5B651131241A4BF5006A78FA;
			remoteInfo = Flickrer;
		};
		5B651154241A4BF7006A78FA /* PBXContainerItemProxy */ = {
			isa = PBXContainerItemProxy;
			containerPortal = 5B65112A241A4BF5006A78FA /* Project object */;
			proxyType = 1;
			remoteGlobalIDString = 5B651131241A4BF5006A78FA;
			remoteInfo = Flickrer;
		};
/* End PBXContainerItemProxy section */

/* Begin PBXFileReference section */
		32525CA58B177A8A2803627A /* Pods-FlickrerTests.release.xcconfig */ = {isa = PBXFileReference; includeInIndex = 1; lastKnownFileType = text.xcconfig; name = "Pods-FlickrerTests.release.xcconfig"; path = "Target Support Files/Pods-FlickrerTests/Pods-FlickrerTests.release.xcconfig"; sourceTree = "<group>"; };
		4A3327C7D0E1E71B22F3A6AF /* Pods-Flickrer.release.xcconfig */ = {isa = PBXFileReference; includeInIndex = 1; lastKnownFileType = text.xcconfig; name = "Pods-Flickrer.release.xcconfig"; path = "Target Support Files/Pods-Flickrer/Pods-Flickrer.release.xcconfig"; sourceTree = "<group>"; };
		5B651132241A4BF5006A78FA /* Flickrer.app */ = {isa = PBXFileReference; explicitFileType = wrapper.application; includeInIndex = 0; path = Flickrer.app; sourceTree = BUILT_PRODUCTS_DIR; };
		5B651135241A4BF5006A78FA /* AppDelegate.swift */ = {isa = PBXFileReference; lastKnownFileType = sourcecode.swift; path = AppDelegate.swift; sourceTree = "<group>"; };
		5B651137241A4BF5006A78FA /* SceneDelegate.swift */ = {isa = PBXFileReference; lastKnownFileType = sourcecode.swift; path = SceneDelegate.swift; sourceTree = "<group>"; };
		5B651139241A4BF5006A78FA /* ViewController.swift */ = {isa = PBXFileReference; lastKnownFileType = sourcecode.swift; path = ViewController.swift; sourceTree = "<group>"; };
		5B65113C241A4BF5006A78FA /* Base */ = {isa = PBXFileReference; lastKnownFileType = file.storyboard; name = Base; path = Base.lproj/Main.storyboard; sourceTree = "<group>"; };
		5B65113E241A4BF7006A78FA /* Assets.xcassets */ = {isa = PBXFileReference; lastKnownFileType = folder.assetcatalog; path = Assets.xcassets; sourceTree = "<group>"; };
		5B651141241A4BF7006A78FA /* Base */ = {isa = PBXFileReference; lastKnownFileType = file.storyboard; name = Base; path = Base.lproj/LaunchScreen.storyboard; sourceTree = "<group>"; };
		5B651143241A4BF7006A78FA /* Info.plist */ = {isa = PBXFileReference; lastKnownFileType = text.plist.xml; path = Info.plist; sourceTree = "<group>"; };
		5B651148241A4BF7006A78FA /* FlickrerTests.xctest */ = {isa = PBXFileReference; explicitFileType = wrapper.cfbundle; includeInIndex = 0; path = FlickrerTests.xctest; sourceTree = BUILT_PRODUCTS_DIR; };
		5B65114C241A4BF7006A78FA /* FlickrerTests.swift */ = {isa = PBXFileReference; lastKnownFileType = sourcecode.swift; path = FlickrerTests.swift; sourceTree = "<group>"; };
		5B65114E241A4BF7006A78FA /* Info.plist */ = {isa = PBXFileReference; lastKnownFileType = text.plist.xml; path = Info.plist; sourceTree = "<group>"; };
		5B651153241A4BF7006A78FA /* FlickrerUITests.xctest */ = {isa = PBXFileReference; explicitFileType = wrapper.cfbundle; includeInIndex = 0; path = FlickrerUITests.xctest; sourceTree = BUILT_PRODUCTS_DIR; };
		5B651157241A4BF7006A78FA /* FlickrerUITests.swift */ = {isa = PBXFileReference; lastKnownFileType = sourcecode.swift; path = FlickrerUITests.swift; sourceTree = "<group>"; };
		5B651159241A4BF7006A78FA /* Info.plist */ = {isa = PBXFileReference; lastKnownFileType = text.plist.xml; path = Info.plist; sourceTree = "<group>"; };
		993DD9F05585A7CD1ADF2E1C /* Pods-FlickrerTests.debug.xcconfig */ = {isa = PBXFileReference; includeInIndex = 1; lastKnownFileType = text.xcconfig; name = "Pods-FlickrerTests.debug.xcconfig"; path = "Target Support Files/Pods-FlickrerTests/Pods-FlickrerTests.debug.xcconfig"; sourceTree = "<group>"; };
		AABC96B209796135B1F3390B /* Pods_Flickrer.framework */ = {isa = PBXFileReference; explicitFileType = wrapper.framework; includeInIndex = 0; path = Pods_Flickrer.framework; sourceTree = BUILT_PRODUCTS_DIR; };
		BB110B1446DBBB0936433065 /* Pods_FlickrerTests.framework */ = {isa = PBXFileReference; explicitFileType = wrapper.framework; includeInIndex = 0; path = Pods_FlickrerTests.framework; sourceTree = BUILT_PRODUCTS_DIR; };
		BBEFDAF2A50E9F5C7602B080 /* Pods_Flickrer_FlickrerUITests.framework */ = {isa = PBXFileReference; explicitFileType = wrapper.framework; includeInIndex = 0; path = Pods_Flickrer_FlickrerUITests.framework; sourceTree = BUILT_PRODUCTS_DIR; };
		BF617E38E35368631CACE092 /* Pods-Flickrer-FlickrerUITests.debug.xcconfig */ = {isa = PBXFileReference; includeInIndex = 1; lastKnownFileType = text.xcconfig; name = "Pods-Flickrer-FlickrerUITests.debug.xcconfig"; path = "Target Support Files/Pods-Flickrer-FlickrerUITests/Pods-Flickrer-FlickrerUITests.debug.xcconfig"; sourceTree = "<group>"; };
		C838EA6A1DACC269E9223766 /* Pods-Flickrer.debug.xcconfig */ = {isa = PBXFileReference; includeInIndex = 1; lastKnownFileType = text.xcconfig; name = "Pods-Flickrer.debug.xcconfig"; path = "Target Support Files/Pods-Flickrer/Pods-Flickrer.debug.xcconfig"; sourceTree = "<group>"; };
		EA4BCE5171CF644C0161360F /* Pods-Flickrer-FlickrerUITests.release.xcconfig */ = {isa = PBXFileReference; includeInIndex = 1; lastKnownFileType = text.xcconfig; name = "Pods-Flickrer-FlickrerUITests.release.xcconfig"; path = "Target Support Files/Pods-Flickrer-FlickrerUITests/Pods-Flickrer-FlickrerUITests.release.xcconfig"; sourceTree = "<group>"; };
/* End PBXFileReference section */

/* Begin PBXFrameworksBuildPhase section */
		5B65112F241A4BF5006A78FA /* Frameworks */ = {
			isa = PBXFrameworksBuildPhase;
			buildActionMask = 2147483647;
			files = (
				655845C85DDA1A41539696BA /* Pods_Flickrer.framework in Frameworks */,
			);
			runOnlyForDeploymentPostprocessing = 0;
		};
		5B651145241A4BF7006A78FA /* Frameworks */ = {
			isa = PBXFrameworksBuildPhase;
			buildActionMask = 2147483647;
			files = (
				16431BCADCD1AD66A90A268B /* Pods_FlickrerTests.framework in Frameworks */,
			);
			runOnlyForDeploymentPostprocessing = 0;
		};
		5B651150241A4BF7006A78FA /* Frameworks */ = {
			isa = PBXFrameworksBuildPhase;
			buildActionMask = 2147483647;
			files = (
				8CBE8AC57FAE664E2AD8AD90 /* Pods_Flickrer_FlickrerUITests.framework in Frameworks */,
			);
			runOnlyForDeploymentPostprocessing = 0;
		};
/* End PBXFrameworksBuildPhase section */

/* Begin PBXGroup section */
		0F7707D9A19D473F26B5B5BC /* Pods */ = {
			isa = PBXGroup;
			children = (
				C838EA6A1DACC269E9223766 /* Pods-Flickrer.debug.xcconfig */,
				4A3327C7D0E1E71B22F3A6AF /* Pods-Flickrer.release.xcconfig */,
				BF617E38E35368631CACE092 /* Pods-Flickrer-FlickrerUITests.debug.xcconfig */,
				EA4BCE5171CF644C0161360F /* Pods-Flickrer-FlickrerUITests.release.xcconfig */,
				993DD9F05585A7CD1ADF2E1C /* Pods-FlickrerTests.debug.xcconfig */,
				32525CA58B177A8A2803627A /* Pods-FlickrerTests.release.xcconfig */,
			);
			path = Pods;
			sourceTree = "<group>";
		};
		5B651129241A4BF5006A78FA = {
			isa = PBXGroup;
			children = (
				5B651134241A4BF5006A78FA /* Flickrer */,
				5B65114B241A4BF7006A78FA /* FlickrerTests */,
				5B651156241A4BF7006A78FA /* FlickrerUITests */,
				5B651133241A4BF5006A78FA /* Products */,
				0F7707D9A19D473F26B5B5BC /* Pods */,
				B93DC7EE52CCCD62F9441AF0 /* Frameworks */,
			);
			sourceTree = "<group>";
		};
		5B651133241A4BF5006A78FA /* Products */ = {
			isa = PBXGroup;
			children = (
				5B651132241A4BF5006A78FA /* Flickrer.app */,
				5B651148241A4BF7006A78FA /* FlickrerTests.xctest */,
				5B651153241A4BF7006A78FA /* FlickrerUITests.xctest */,
			);
			name = Products;
			sourceTree = "<group>";
		};
		5B651134241A4BF5006A78FA /* Flickrer */ = {
			isa = PBXGroup;
			children = (
				5B651135241A4BF5006A78FA /* AppDelegate.swift */,
				5B651137241A4BF5006A78FA /* SceneDelegate.swift */,
				5B651139241A4BF5006A78FA /* ViewController.swift */,
				5B65113B241A4BF5006A78FA /* Main.storyboard */,
				5B65113E241A4BF7006A78FA /* Assets.xcassets */,
				5B651140241A4BF7006A78FA /* LaunchScreen.storyboard */,
				5B651143241A4BF7006A78FA /* Info.plist */,
			);
			path = Flickrer;
			sourceTree = "<group>";
		};
		5B65114B241A4BF7006A78FA /* FlickrerTests */ = {
			isa = PBXGroup;
			children = (
				5B65114C241A4BF7006A78FA /* FlickrerTests.swift */,
				5B65114E241A4BF7006A78FA /* Info.plist */,
			);
			path = FlickrerTests;
			sourceTree = "<group>";
		};
		5B651156241A4BF7006A78FA /* FlickrerUITests */ = {
			isa = PBXGroup;
			children = (
				5B651157241A4BF7006A78FA /* FlickrerUITests.swift */,
				5B651159241A4BF7006A78FA /* Info.plist */,
			);
			path = FlickrerUITests;
			sourceTree = "<group>";
		};
		B93DC7EE52CCCD62F9441AF0 /* Frameworks */ = {
			isa = PBXGroup;
			children = (
				AABC96B209796135B1F3390B /* Pods_Flickrer.framework */,
				BBEFDAF2A50E9F5C7602B080 /* Pods_Flickrer_FlickrerUITests.framework */,
				BB110B1446DBBB0936433065 /* Pods_FlickrerTests.framework */,
			);
			name = Frameworks;
			sourceTree = "<group>";
		};
/* End PBXGroup section */

/* Begin PBXNativeTarget section */
		5B651131241A4BF5006A78FA /* Flickrer */ = {
			isa = PBXNativeTarget;
			buildConfigurationList = 5B65115C241A4BF7006A78FA /* Build configuration list for PBXNativeTarget "Flickrer" */;
			buildPhases = (
				9CBCF9282839157EA03F05EE /* [CP] Check Pods Manifest.lock */,
				5B65112E241A4BF5006A78FA /* Sources */,
				5B65112F241A4BF5006A78FA /* Frameworks */,
				5B651130241A4BF5006A78FA /* Resources */,
			);
			buildRules = (
			);
			dependencies = (
			);
			name = Flickrer;
			productName = Flickrer;
			productReference = 5B651132241A4BF5006A78FA /* Flickrer.app */;
			productType = "com.apple.product-type.application";
		};
		5B651147241A4BF7006A78FA /* FlickrerTests */ = {
			isa = PBXNativeTarget;
			buildConfigurationList = 5B65115F241A4BF7006A78FA /* Build configuration list for PBXNativeTarget "FlickrerTests" */;
			buildPhases = (
				396636A57436F598DF9D78BA /* [CP] Check Pods Manifest.lock */,
				5B651144241A4BF7006A78FA /* Sources */,
				5B651145241A4BF7006A78FA /* Frameworks */,
				5B651146241A4BF7006A78FA /* Resources */,
			);
			buildRules = (
			);
			dependencies = (
				5B65114A241A4BF7006A78FA /* PBXTargetDependency */,
			);
			name = FlickrerTests;
			productName = FlickrerTests;
			productReference = 5B651148241A4BF7006A78FA /* FlickrerTests.xctest */;
			productType = "com.apple.product-type.bundle.unit-test";
		};
		5B651152241A4BF7006A78FA /* FlickrerUITests */ = {
			isa = PBXNativeTarget;
			buildConfigurationList = 5B651162241A4BF7006A78FA /* Build configuration list for PBXNativeTarget "FlickrerUITests" */;
			buildPhases = (
				96685F2B4F990768F970159D /* [CP] Check Pods Manifest.lock */,
				5B65114F241A4BF7006A78FA /* Sources */,
				5B651150241A4BF7006A78FA /* Frameworks */,
				5B651151241A4BF7006A78FA /* Resources */,
			);
			buildRules = (
			);
			dependencies = (
				5B651155241A4BF7006A78FA /* PBXTargetDependency */,
			);
			name = FlickrerUITests;
			productName = FlickrerUITests;
			productReference = 5B651153241A4BF7006A78FA /* FlickrerUITests.xctest */;
			productType = "com.apple.product-type.bundle.ui-testing";
		};
/* End PBXNativeTarget section */

/* Begin PBXProject section */
		5B65112A241A4BF5006A78FA /* Project object */ = {
			isa = PBXProject;
			attributes = {
				LastSwiftUpdateCheck = 1130;
				LastUpgradeCheck = 1130;
				ORGANIZATIONNAME = voidilov;
				TargetAttributes = {
					5B651131241A4BF5006A78FA = {
						CreatedOnToolsVersion = 11.3;
					};
					5B651147241A4BF7006A78FA = {
						CreatedOnToolsVersion = 11.3;
						TestTargetID = 5B651131241A4BF5006A78FA;
					};
					5B651152241A4BF7006A78FA = {
						CreatedOnToolsVersion = 11.3;
						TestTargetID = 5B651131241A4BF5006A78FA;
					};
				};
			};
			buildConfigurationList = 5B65112D241A4BF5006A78FA /* Build configuration list for PBXProject "Flickrer" */;
			compatibilityVersion = "Xcode 9.3";
			developmentRegion = en;
			hasScannedForEncodings = 0;
			knownRegions = (
				en,
				Base,
			);
			mainGroup = 5B651129241A4BF5006A78FA;
			productRefGroup = 5B651133241A4BF5006A78FA /* Products */;
			projectDirPath = "";
			projectRoot = "";
			targets = (
				5B651131241A4BF5006A78FA /* Flickrer */,
				5B651147241A4BF7006A78FA /* FlickrerTests */,
				5B651152241A4BF7006A78FA /* FlickrerUITests */,
			);
		};
/* End PBXProject section */

/* Begin PBXResourcesBuildPhase section */
		5B651130241A4BF5006A78FA /* Resources */ = {
			isa = PBXResourcesBuildPhase;
			buildActionMask = 2147483647;
			files = (
				5B651142241A4BF7006A78FA /* LaunchScreen.storyboard in Resources */,
				5B65113F241A4BF7006A78FA /* Assets.xcassets in Resources */,
				5B65113D241A4BF5006A78FA /* Main.storyboard in Resources */,
			);
			runOnlyForDeploymentPostprocessing = 0;
		};
		5B651146241A4BF7006A78FA /* Resources */ = {
			isa = PBXResourcesBuildPhase;
			buildActionMask = 2147483647;
			files = (
			);
			runOnlyForDeploymentPostprocessing = 0;
		};
		5B651151241A4BF7006A78FA /* Resources */ = {
			isa = PBXResourcesBuildPhase;
			buildActionMask = 2147483647;
			files = (
			);
			runOnlyForDeploymentPostprocessing = 0;
		};
/* End PBXResourcesBuildPhase section */

/* Begin PBXShellScriptBuildPhase section */
		396636A57436F598DF9D78BA /* [CP] Check Pods Manifest.lock */ = {
			isa = PBXShellScriptBuildPhase;
			buildActionMask = 2147483647;
			files = (
			);
			inputFileListPaths = (
			);
			inputPaths = (
				"${PODS_PODFILE_DIR_PATH}/Podfile.lock",
				"${PODS_ROOT}/Manifest.lock",
			);
			name = "[CP] Check Pods Manifest.lock";
			outputFileListPaths = (
			);
			outputPaths = (
				"$(DERIVED_FILE_DIR)/Pods-FlickrerTests-checkManifestLockResult.txt",
			);
			runOnlyForDeploymentPostprocessing = 0;
			shellPath = /bin/sh;
			shellScript = "diff \"${PODS_PODFILE_DIR_PATH}/Podfile.lock\" \"${PODS_ROOT}/Manifest.lock\" > /dev/null\nif [ $? != 0 ] ; then\n    # print error to STDERR\n    echo \"error: The sandbox is not in sync with the Podfile.lock. Run 'pod install' or update your CocoaPods installation.\" >&2\n    exit 1\nfi\n# This output is used by Xcode 'outputs' to avoid re-running this script phase.\necho \"SUCCESS\" > \"${SCRIPT_OUTPUT_FILE_0}\"\n";
			showEnvVarsInLog = 0;
		};
		96685F2B4F990768F970159D /* [CP] Check Pods Manifest.lock */ = {
			isa = PBXShellScriptBuildPhase;
			buildActionMask = 2147483647;
			files = (
			);
			inputFileListPaths = (
			);
			inputPaths = (
				"${PODS_PODFILE_DIR_PATH}/Podfile.lock",
				"${PODS_ROOT}/Manifest.lock",
			);
			name = "[CP] Check Pods Manifest.lock";
			outputFileListPaths = (
			);
			outputPaths = (
				"$(DERIVED_FILE_DIR)/Pods-Flickrer-FlickrerUITests-checkManifestLockResult.txt",
			);
			runOnlyForDeploymentPostprocessing = 0;
			shellPath = /bin/sh;
			shellScript = "diff \"${PODS_PODFILE_DIR_PATH}/Podfile.lock\" \"${PODS_ROOT}/Manifest.lock\" > /dev/null\nif [ $? != 0 ] ; then\n    # print error to STDERR\n    echo \"error: The sandbox is not in sync with the Podfile.lock. Run 'pod install' or update your CocoaPods installation.\" >&2\n    exit 1\nfi\n# This output is used by Xcode 'outputs' to avoid re-running this script phase.\necho \"SUCCESS\" > \"${SCRIPT_OUTPUT_FILE_0}\"\n";
			showEnvVarsInLog = 0;
		};
		9CBCF9282839157EA03F05EE /* [CP] Check Pods Manifest.lock */ = {
			isa = PBXShellScriptBuildPhase;
			buildActionMask = 2147483647;
			files = (
			);
			inputFileListPaths = (
			);
			inputPaths = (
				"${PODS_PODFILE_DIR_PATH}/Podfile.lock",
				"${PODS_ROOT}/Manifest.lock",
			);
			name = "[CP] Check Pods Manifest.lock";
			outputFileListPaths = (
			);
			outputPaths = (
				"$(DERIVED_FILE_DIR)/Pods-Flickrer-checkManifestLockResult.txt",
			);
			runOnlyForDeploymentPostprocessing = 0;
			shellPath = /bin/sh;
			shellScript = "diff \"${PODS_PODFILE_DIR_PATH}/Podfile.lock\" \"${PODS_ROOT}/Manifest.lock\" > /dev/null\nif [ $? != 0 ] ; then\n    # print error to STDERR\n    echo \"error: The sandbox is not in sync with the Podfile.lock. Run 'pod install' or update your CocoaPods installation.\" >&2\n    exit 1\nfi\n# This output is used by Xcode 'outputs' to avoid re-running this script phase.\necho \"SUCCESS\" > \"${SCRIPT_OUTPUT_FILE_0}\"\n";
			showEnvVarsInLog = 0;
		};
/* End PBXShellScriptBuildPhase section */

/* Begin PBXSourcesBuildPhase section */
		5B65112E241A4BF5006A78FA /* Sources */ = {
			isa = PBXSourcesBuildPhase;
			buildActionMask = 2147483647;
			files = (
				5B65113A241A4BF5006A78FA /* ViewController.swift in Sources */,
				5B651136241A4BF5006A78FA /* AppDelegate.swift in Sources */,
				5B651138241A4BF5006A78FA /* SceneDelegate.swift in Sources */,
			);
			runOnlyForDeploymentPostprocessing = 0;
		};
		5B651144241A4BF7006A78FA /* Sources */ = {
			isa = PBXSourcesBuildPhase;
			buildActionMask = 2147483647;
			files = (
				5B65114D241A4BF7006A78FA /* FlickrerTests.swift in Sources */,
			);
			runOnlyForDeploymentPostprocessing = 0;
		};
		5B65114F241A4BF7006A78FA /* Sources */ = {
			isa = PBXSourcesBuildPhase;
			buildActionMask = 2147483647;
			files = (
				5B651158241A4BF7006A78FA /* FlickrerUITests.swift in Sources */,
			);
			runOnlyForDeploymentPostprocessing = 0;
		};
/* End PBXSourcesBuildPhase section */

/* Begin PBXTargetDependency section */
		5B65114A241A4BF7006A78FA /* PBXTargetDependency */ = {
			isa = PBXTargetDependency;
			target = 5B651131241A4BF5006A78FA /* Flickrer */;
			targetProxy = 5B651149241A4BF7006A78FA /* PBXContainerItemProxy */;
		};
		5B651155241A4BF7006A78FA /* PBXTargetDependency */ = {
			isa = PBXTargetDependency;
			target = 5B651131241A4BF5006A78FA /* Flickrer */;
			targetProxy = 5B651154241A4BF7006A78FA /* PBXContainerItemProxy */;
		};
/* End PBXTargetDependency section */

/* Begin PBXVariantGroup section */
		5B65113B241A4BF5006A78FA /* Main.storyboard */ = {
			isa = PBXVariantGroup;
			children = (
				5B65113C241A4BF5006A78FA /* Base */,
			);
			name = Main.storyboard;
			sourceTree = "<group>";
		};
		5B651140241A4BF7006A78FA /* LaunchScreen.storyboard */ = {
			isa = PBXVariantGroup;
			children = (
				5B651141241A4BF7006A78FA /* Base */,
			);
			name = LaunchScreen.storyboard;
			sourceTree = "<group>";
		};
/* End PBXVariantGroup section */

/* Begin XCBuildConfiguration section */
		5B65115A241A4BF7006A78FA /* Debug */ = {
			isa = XCBuildConfiguration;
			buildSettings = {
				ALWAYS_SEARCH_USER_PATHS = NO;
				CLANG_ANALYZER_NONNULL = YES;
				CLANG_ANALYZER_NUMBER_OBJECT_CONVERSION = YES_AGGRESSIVE;
				CLANG_CXX_LANGUAGE_STANDARD = "gnu++14";
				CLANG_CXX_LIBRARY = "libc++";
				CLANG_ENABLE_MODULES = YES;
				CLANG_ENABLE_OBJC_ARC = YES;
				CLANG_ENABLE_OBJC_WEAK = YES;
				CLANG_WARN_BLOCK_CAPTURE_AUTORELEASING = YES;
				CLANG_WARN_BOOL_CONVERSION = YES;
				CLANG_WARN_COMMA = YES;
				CLANG_WARN_CONSTANT_CONVERSION = YES;
				CLANG_WARN_DEPRECATED_OBJC_IMPLEMENTATIONS = YES;
				CLANG_WARN_DIRECT_OBJC_ISA_USAGE = YES_ERROR;
				CLANG_WARN_DOCUMENTATION_COMMENTS = YES;
				CLANG_WARN_EMPTY_BODY = YES;
				CLANG_WARN_ENUM_CONVERSION = YES;
				CLANG_WARN_INFINITE_RECURSION = YES;
				CLANG_WARN_INT_CONVERSION = YES;
				CLANG_WARN_NON_LITERAL_NULL_CONVERSION = YES;
				CLANG_WARN_OBJC_IMPLICIT_RETAIN_SELF = YES;
				CLANG_WARN_OBJC_LITERAL_CONVERSION = YES;
				CLANG_WARN_OBJC_ROOT_CLASS = YES_ERROR;
				CLANG_WARN_RANGE_LOOP_ANALYSIS = YES;
				CLANG_WARN_STRICT_PROTOTYPES = YES;
				CLANG_WARN_SUSPICIOUS_MOVE = YES;
				CLANG_WARN_UNGUARDED_AVAILABILITY = YES_AGGRESSIVE;
				CLANG_WARN_UNREACHABLE_CODE = YES;
				CLANG_WARN__DUPLICATE_METHOD_MATCH = YES;
				COPY_PHASE_STRIP = NO;
				DEBUG_INFORMATION_FORMAT = dwarf;
				ENABLE_STRICT_OBJC_MSGSEND = YES;
				ENABLE_TESTABILITY = YES;
				GCC_C_LANGUAGE_STANDARD = gnu11;
				GCC_DYNAMIC_NO_PIC = NO;
				GCC_NO_COMMON_BLOCKS = YES;
				GCC_OPTIMIZATION_LEVEL = 0;
				GCC_PREPROCESSOR_DEFINITIONS = (
					"DEBUG=1",
					"$(inherited)",
				);
				GCC_WARN_64_TO_32_BIT_CONVERSION = YES;
				GCC_WARN_ABOUT_RETURN_TYPE = YES_ERROR;
				GCC_WARN_UNDECLARED_SELECTOR = YES;
				GCC_WARN_UNINITIALIZED_AUTOS = YES_AGGRESSIVE;
				GCC_WARN_UNUSED_FUNCTION = YES;
				GCC_WARN_UNUSED_VARIABLE = YES;
				IPHONEOS_DEPLOYMENT_TARGET = 13.2;
				MTL_ENABLE_DEBUG_INFO = INCLUDE_SOURCE;
				MTL_FAST_MATH = YES;
				ONLY_ACTIVE_ARCH = YES;
				SDKROOT = iphoneos;
				SWIFT_ACTIVE_COMPILATION_CONDITIONS = DEBUG;
				SWIFT_OPTIMIZATION_LEVEL = "-Onone";
			};
			name = Debug;
		};
		5B65115B241A4BF7006A78FA /* Release */ = {
			isa = XCBuildConfiguration;
			buildSettings = {
				ALWAYS_SEARCH_USER_PATHS = NO;
				CLANG_ANALYZER_NONNULL = YES;
				CLANG_ANALYZER_NUMBER_OBJECT_CONVERSION = YES_AGGRESSIVE;
				CLANG_CXX_LANGUAGE_STANDARD = "gnu++14";
				CLANG_CXX_LIBRARY = "libc++";
				CLANG_ENABLE_MODULES = YES;
				CLANG_ENABLE_OBJC_ARC = YES;
				CLANG_ENABLE_OBJC_WEAK = YES;
				CLANG_WARN_BLOCK_CAPTURE_AUTORELEASING = YES;
				CLANG_WARN_BOOL_CONVERSION = YES;
				CLANG_WARN_COMMA = YES;
				CLANG_WARN_CONSTANT_CONVERSION = YES;
				CLANG_WARN_DEPRECATED_OBJC_IMPLEMENTATIONS = YES;
				CLANG_WARN_DIRECT_OBJC_ISA_USAGE = YES_ERROR;
				CLANG_WARN_DOCUMENTATION_COMMENTS = YES;
				CLANG_WARN_EMPTY_BODY = YES;
				CLANG_WARN_ENUM_CONVERSION = YES;
				CLANG_WARN_INFINITE_RECURSION = YES;
				CLANG_WARN_INT_CONVERSION = YES;
				CLANG_WARN_NON_LITERAL_NULL_CONVERSION = YES;
				CLANG_WARN_OBJC_IMPLICIT_RETAIN_SELF = YES;
				CLANG_WARN_OBJC_LITERAL_CONVERSION = YES;
				CLANG_WARN_OBJC_ROOT_CLASS = YES_ERROR;
				CLANG_WARN_RANGE_LOOP_ANALYSIS = YES;
				CLANG_WARN_STRICT_PROTOTYPES = YES;
				CLANG_WARN_SUSPICIOUS_MOVE = YES;
				CLANG_WARN_UNGUARDED_AVAILABILITY = YES_AGGRESSIVE;
				CLANG_WARN_UNREACHABLE_CODE = YES;
				CLANG_WARN__DUPLICATE_METHOD_MATCH = YES;
				COPY_PHASE_STRIP = NO;
				DEBUG_INFORMATION_FORMAT = "dwarf-with-dsym";
				ENABLE_NS_ASSERTIONS = NO;
				ENABLE_STRICT_OBJC_MSGSEND = YES;
				GCC_C_LANGUAGE_STANDARD = gnu11;
				GCC_NO_COMMON_BLOCKS = YES;
				GCC_WARN_64_TO_32_BIT_CONVERSION = YES;
				GCC_WARN_ABOUT_RETURN_TYPE = YES_ERROR;
				GCC_WARN_UNDECLARED_SELECTOR = YES;
				GCC_WARN_UNINITIALIZED_AUTOS = YES_AGGRESSIVE;
				GCC_WARN_UNUSED_FUNCTION = YES;
				GCC_WARN_UNUSED_VARIABLE = YES;
				IPHONEOS_DEPLOYMENT_TARGET = 13.2;
				MTL_ENABLE_DEBUG_INFO = NO;
				MTL_FAST_MATH = YES;
				SDKROOT = iphoneos;
				SWIFT_COMPILATION_MODE = wholemodule;
				SWIFT_OPTIMIZATION_LEVEL = "-O";
				VALIDATE_PRODUCT = YES;
			};
			name = Release;
		};
		5B65115D241A4BF7006A78FA /* Debug */ = {
			isa = XCBuildConfiguration;
			baseConfigurationReference = C838EA6A1DACC269E9223766 /* Pods-Flickrer.debug.xcconfig */;
			buildSettings = {
				ASSETCATALOG_COMPILER_APPICON_NAME = AppIcon;
				CODE_SIGN_STYLE = Automatic;
				DEVELOPMENT_TEAM = 4733T56UZW;
				INFOPLIST_FILE = Flickrer/Info.plist;
				IPHONEOS_DEPLOYMENT_TARGET = 13.0;
				LD_RUNPATH_SEARCH_PATHS = (
					"$(inherited)",
					"@executable_path/Frameworks",
				);
				PRODUCT_BUNDLE_IDENTIFIER = voidilov.Flickrer;
				PRODUCT_NAME = "$(TARGET_NAME)";
				SWIFT_VERSION = 5.0;
				TARGETED_DEVICE_FAMILY = "1,2";
			};
			name = Debug;
		};
		5B65115E241A4BF7006A78FA /* Release */ = {
			isa = XCBuildConfiguration;
			baseConfigurationReference = 4A3327C7D0E1E71B22F3A6AF /* Pods-Flickrer.release.xcconfig */;
			buildSettings = {
				ASSETCATALOG_COMPILER_APPICON_NAME = AppIcon;
				CODE_SIGN_STYLE = Automatic;
				DEVELOPMENT_TEAM = 4733T56UZW;
				INFOPLIST_FILE = Flickrer/Info.plist;
				IPHONEOS_DEPLOYMENT_TARGET = 13.0;
				LD_RUNPATH_SEARCH_PATHS = (
					"$(inherited)",
					"@executable_path/Frameworks",
				);
				PRODUCT_BUNDLE_IDENTIFIER = voidilov.Flickrer;
				PRODUCT_NAME = "$(TARGET_NAME)";
				SWIFT_VERSION = 5.0;
				TARGETED_DEVICE_FAMILY = "1,2";
			};
			name = Release;
		};
		5B651160241A4BF7006A78FA /* Debug */ = {
			isa = XCBuildConfiguration;
			baseConfigurationReference = 993DD9F05585A7CD1ADF2E1C /* Pods-FlickrerTests.debug.xcconfig */;
			buildSettings = {
				ALWAYS_EMBED_SWIFT_STANDARD_LIBRARIES = YES;
				BUNDLE_LOADER = "$(TEST_HOST)";
				CODE_SIGN_STYLE = Automatic;
				DEVELOPMENT_TEAM = 4733T56UZW;
				INFOPLIST_FILE = FlickrerTests/Info.plist;
				IPHONEOS_DEPLOYMENT_TARGET = 13.2;
				LD_RUNPATH_SEARCH_PATHS = (
					"$(inherited)",
					"@executable_path/Frameworks",
					"@loader_path/Frameworks",
				);
				PRODUCT_BUNDLE_IDENTIFIER = voidilov.FlickrerTests;
				PRODUCT_NAME = "$(TARGET_NAME)";
				SWIFT_VERSION = 5.0;
				TARGETED_DEVICE_FAMILY = "1,2";
				TEST_HOST = "$(BUILT_PRODUCTS_DIR)/Flickrer.app/Flickrer";
			};
			name = Debug;
		};
		5B651161241A4BF7006A78FA /* Release */ = {
			isa = XCBuildConfiguration;
			baseConfigurationReference = 32525CA58B177A8A2803627A /* Pods-FlickrerTests.release.xcconfig */;
			buildSettings = {
				ALWAYS_EMBED_SWIFT_STANDARD_LIBRARIES = YES;
				BUNDLE_LOADER = "$(TEST_HOST)";
				CODE_SIGN_STYLE = Automatic;
				DEVELOPMENT_TEAM = 4733T56UZW;
				INFOPLIST_FILE = FlickrerTests/Info.plist;
				IPHONEOS_DEPLOYMENT_TARGET = 13.2;
				LD_RUNPATH_SEARCH_PATHS = (
					"$(inherited)",
					"@executable_path/Frameworks",
					"@loader_path/Frameworks",
				);
				PRODUCT_BUNDLE_IDENTIFIER = voidilov.FlickrerTests;
				PRODUCT_NAME = "$(TARGET_NAME)";
				SWIFT_VERSION = 5.0;
				TARGETED_DEVICE_FAMILY = "1,2";
				TEST_HOST = "$(BUILT_PRODUCTS_DIR)/Flickrer.app/Flickrer";
			};
			name = Release;
		};
		5B651163241A4BF7006A78FA /* Debug */ = {
			isa = XCBuildConfiguration;
			baseConfigurationReference = BF617E38E35368631CACE092 /* Pods-Flickrer-FlickrerUITests.debug.xcconfig */;
			buildSettings = {
				ALWAYS_EMBED_SWIFT_STANDARD_LIBRARIES = YES;
				CODE_SIGN_STYLE = Automatic;
				DEVELOPMENT_TEAM = 4733T56UZW;
				INFOPLIST_FILE = FlickrerUITests/Info.plist;
				LD_RUNPATH_SEARCH_PATHS = (
					"$(inherited)",
					"@executable_path/Frameworks",
					"@loader_path/Frameworks",
				);
				PRODUCT_BUNDLE_IDENTIFIER = voidilov.FlickrerUITests;
				PRODUCT_NAME = "$(TARGET_NAME)";
				SWIFT_VERSION = 5.0;
				TARGETED_DEVICE_FAMILY = "1,2";
				TEST_TARGET_NAME = Flickrer;
			};
			name = Debug;
		};
		5B651164241A4BF7006A78FA /* Release */ = {
			isa = XCBuildConfiguration;
			baseConfigurationReference = EA4BCE5171CF644C0161360F /* Pods-Flickrer-FlickrerUITests.release.xcconfig */;
			buildSettings = {
				ALWAYS_EMBED_SWIFT_STANDARD_LIBRARIES = YES;
				CODE_SIGN_STYLE = Automatic;
				DEVELOPMENT_TEAM = 4733T56UZW;
				INFOPLIST_FILE = FlickrerUITests/Info.plist;
				LD_RUNPATH_SEARCH_PATHS = (
					"$(inherited)",
					"@executable_path/Frameworks",
					"@loader_path/Frameworks",
				);
				PRODUCT_BUNDLE_IDENTIFIER = voidilov.FlickrerUITests;
				PRODUCT_NAME = "$(TARGET_NAME)";
				SWIFT_VERSION = 5.0;
				TARGETED_DEVICE_FAMILY = "1,2";
				TEST_TARGET_NAME = Flickrer;
			};
			name = Release;
		};
/* End XCBuildConfiguration section */

/* Begin XCConfigurationList section */
		5B65112D241A4BF5006A78FA /* Build configuration list for PBXProject "Flickrer" */ = {
			isa = XCConfigurationList;
			buildConfigurations = (
				5B65115A241A4BF7006A78FA /* Debug */,
				5B65115B241A4BF7006A78FA /* Release */,
			);
			defaultConfigurationIsVisible = 0;
			defaultConfigurationName = Release;
		};
		5B65115C241A4BF7006A78FA /* Build configuration list for PBXNativeTarget "Flickrer" */ = {
			isa = XCConfigurationList;
			buildConfigurations = (
				5B65115D241A4BF7006A78FA /* Debug */,
				5B65115E241A4BF7006A78FA /* Release */,
			);
			defaultConfigurationIsVisible = 0;
			defaultConfigurationName = Release;
		};
		5B65115F241A4BF7006A78FA /* Build configuration list for PBXNativeTarget "FlickrerTests" */ = {
			isa = XCConfigurationList;
			buildConfigurations = (
				5B651160241A4BF7006A78FA /* Debug */,
				5B651161241A4BF7006A78FA /* Release */,
			);
			defaultConfigurationIsVisible = 0;
			defaultConfigurationName = Release;
		};
		5B651162241A4BF7006A78FA /* Build configuration list for PBXNativeTarget "FlickrerUITests" */ = {
			isa = XCConfigurationList;
			buildConfigurations = (
				5B651163241A4BF7006A78FA /* Debug */,
				5B651164241A4BF7006A78FA /* Release */,
			);
			defaultConfigurationIsVisible = 0;
			defaultConfigurationName = Release;
		};
/* End XCConfigurationList section */
	};
	rootObject = 5B65112A241A4BF5006A78FA /* Project object */;
}
